
Microsoft Visual Studio Solution File, Format Version 12.00
# Visual Studio 15
VisualStudioVersion = 15.0.28307.421
MinimumVisualStudioVersion = 10.0.40219.1
Project("{FAE04EC0-301F-11D3-BF4B-00C04F79EFBC}") = "Microwave.Application", "Microwave.Application\Microwave.Application.csproj", "{BACBE9C3-C80E-43D0-A2EC-681576E720AF}"
EndProject
Project("{FAE04EC0-301F-11D3-BF4B-00C04F79EFBC}") = "Microwave.Test.Unit", "Microwave.Test.Unit\Microwave.Test.Unit.csproj", "{DFCBC8B7-46F1-4D14-B4AB-C1331916F948}"
EndProject
Project("{FAE04EC0-301F-11D3-BF4B-00C04F79EFBC}") = "MicrowaveOvenClasses", "MicrowaveOvenClasses\MicrowaveOvenClasses.csproj", "{6C8A89CD-AAF2-480C-8CE0-72A1444723A7}"
EndProject
Project("{FAE04EC0-301F-11D3-BF4B-00C04F79EFBC}") = "Microwave.Test.Integration", "Microwave.Test.Integration\Microwave.Test.Integration.csproj", "{53B1BD4A-43F6-4527-8B37-5C3E799DFA0E}"
EndProject
Global
	GlobalSection(SolutionConfigurationPlatforms) = preSolution
		Debug|Any CPU = Debug|Any CPU
		Release|Any CPU = Release|Any CPU
	EndGlobalSection
	GlobalSection(ProjectConfigurationPlatforms) = postSolution
		{BACBE9C3-C80E-43D0-A2EC-681576E720AF}.Debug|Any CPU.ActiveCfg = Debug|Any CPU
		{BACBE9C3-C80E-43D0-A2EC-681576E720AF}.Debug|Any CPU.Build.0 = Debug|Any CPU
		{BACBE9C3-C80E-43D0-A2EC-681576E720AF}.Release|Any CPU.ActiveCfg = Release|Any CPU
		{BACBE9C3-C80E-43D0-A2EC-681576E720AF}.Release|Any CPU.Build.0 = Release|Any CPU
		{DFCBC8B7-46F1-4D14-B4AB-C1331916F948}.Debug|Any CPU.ActiveCfg = Debug|Any CPU
		{DFCBC8B7-46F1-4D14-B4AB-C1331916F948}.Debug|Any CPU.Build.0 = Debug|Any CPU
		{DFCBC8B7-46F1-4D14-B4AB-C1331916F948}.Release|Any CPU.ActiveCfg = Release|Any CPU
		{DFCBC8B7-46F1-4D14-B4AB-C1331916F948}.Release|Any CPU.Build.0 = Release|Any CPU
		{6C8A89CD-AAF2-480C-8CE0-72A1444723A7}.Debug|Any CPU.ActiveCfg = Debug|Any CPU
		{6C8A89CD-AAF2-480C-8CE0-72A1444723A7}.Debug|Any CPU.Build.0 = Debug|Any CPU
		{6C8A89CD-AAF2-480C-8CE0-72A1444723A7}.Release|Any CPU.ActiveCfg = Release|Any CPU
		{6C8A89CD-AAF2-480C-8CE0-72A1444723A7}.Release|Any CPU.Build.0 = Release|Any CPU
		{53B1BD4A-43F6-4527-8B37-5C3E799DFA0E}.Debug|Any CPU.ActiveCfg = Debug|Any CPU
		{53B1BD4A-43F6-4527-8B37-5C3E799DFA0E}.Debug|Any CPU.Build.0 = Debug|Any CPU
		{53B1BD4A-43F6-4527-8B37-5C3E799DFA0E}.Release|Any CPU.ActiveCfg = Release|Any CPU
		{53B1BD4A-43F6-4527-8B37-5C3E799DFA0E}.Release|Any CPU.Build.0 = Release|Any CPU
	EndGlobalSection
	GlobalSection(SolutionProperties) = preSolution
		HideSolutionNode = FALSE
	EndGlobalSection
	GlobalSection(ExtensibilityGlobals) = postSolution
		SolutionGuid = {9C299409-5C4F-4C32-B55F-BAA45440AE48}
	EndGlobalSection
EndGlobal
