
Microsoft Visual Studio Solution File, Format Version 12.00
# Visual Studio 15
VisualStudioVersion = 15.0.28307.421
MinimumVisualStudioVersion = 10.0.40219.1
Project("{FAE04EC0-301F-11D3-BF4B-00C04F79EFBC}") = "Microwave.Application", "Microwave.Application\Microwave.Application.csproj", "{403619F7-9DFE-4C73-BEEF-C1C405CEC63D}"
EndProject
Project("{9A19103F-16F7-4668-BE54-9A1E7A4F7556}") = "Microwave.Test.Integration", "Microwave.Test.Integration\Microwave.Test.Integration.csproj", "{13DFBEF4-24BE-4885-819B-0DD4488B23E3}"
EndProject
Project("{FAE04EC0-301F-11D3-BF4B-00C04F79EFBC}") = "Microwave.Test.Unit", "Microwave.Test.Unit\Microwave.Test.Unit.csproj", "{2B2735BA-EF0A-42C4-8457-25786ACF90D9}"
EndProject
Project("{FAE04EC0-301F-11D3-BF4B-00C04F79EFBC}") = "MicrowaveOvenClasses", "MicrowaveOvenClasses\MicrowaveOvenClasses.csproj", "{2B04DA6B-AFE9-4548-AA05-84D806BA0FA4}"
EndProject
Global
	GlobalSection(SolutionConfigurationPlatforms) = preSolution
		Debug|Any CPU = Debug|Any CPU
		Release|Any CPU = Release|Any CPU
	EndGlobalSection
	GlobalSection(ProjectConfigurationPlatforms) = postSolution
		{403619F7-9DFE-4C73-BEEF-C1C405CEC63D}.Debug|Any CPU.ActiveCfg = Debug|Any CPU
		{403619F7-9DFE-4C73-BEEF-C1C405CEC63D}.Debug|Any CPU.Build.0 = Debug|Any CPU
		{403619F7-9DFE-4C73-BEEF-C1C405CEC63D}.Release|Any CPU.ActiveCfg = Release|Any CPU
		{403619F7-9DFE-4C73-BEEF-C1C405CEC63D}.Release|Any CPU.Build.0 = Release|Any CPU
		{13DFBEF4-24BE-4885-819B-0DD4488B23E3}.Debug|Any CPU.ActiveCfg = Debug|Any CPU
		{13DFBEF4-24BE-4885-819B-0DD4488B23E3}.Debug|Any CPU.Build.0 = Debug|Any CPU
		{13DFBEF4-24BE-4885-819B-0DD4488B23E3}.Release|Any CPU.ActiveCfg = Release|Any CPU
		{13DFBEF4-24BE-4885-819B-0DD4488B23E3}.Release|Any CPU.Build.0 = Release|Any CPU
		{2B2735BA-EF0A-42C4-8457-25786ACF90D9}.Debug|Any CPU.ActiveCfg = Debug|Any CPU
		{2B2735BA-EF0A-42C4-8457-25786ACF90D9}.Debug|Any CPU.Build.0 = Debug|Any CPU
		{2B2735BA-EF0A-42C4-8457-25786ACF90D9}.Release|Any CPU.ActiveCfg = Release|Any CPU
		{2B2735BA-EF0A-42C4-8457-25786ACF90D9}.Release|Any CPU.Build.0 = Release|Any CPU
		{2B04DA6B-AFE9-4548-AA05-84D806BA0FA4}.Debug|Any CPU.ActiveCfg = Debug|Any CPU
		{2B04DA6B-AFE9-4548-AA05-84D806BA0FA4}.Debug|Any CPU.Build.0 = Debug|Any CPU
		{2B04DA6B-AFE9-4548-AA05-84D806BA0FA4}.Release|Any CPU.ActiveCfg = Release|Any CPU
		{2B04DA6B-AFE9-4548-AA05-84D806BA0FA4}.Release|Any CPU.Build.0 = Release|Any CPU
	EndGlobalSection
	GlobalSection(SolutionProperties) = preSolution
		HideSolutionNode = FALSE
	EndGlobalSection
	GlobalSection(ExtensibilityGlobals) = postSolution
		SolutionGuid = {9C299409-5C4F-4C32-B55F-BAA45440AE48}
	EndGlobalSection
EndGlobal
